<Solution>
  <Folder Name="/src/">
    <Project Path="src/SteamReviewForge/SteamReviewForge.csproj" />
  </Folder>
  <Folder Name="/tests/">
    <Project Path="tests/SteamReviewForge.BrowserTests/SteamReviewForge.BrowserTests.csproj" />
    <Project Path="tests/SteamReviewForge.Tests/SteamReviewForge.Tests.csproj" />
  </Folder>
</Solution>
